
Microsoft Visual Studio Solution File, Format Version 12.00
# Visual Studio Version 17
VisualStudioVersion = 17.14.36301.6 d17.14
MinimumVisualStudioVersion = 10.0.40219.1
Project("{FAE04EC0-301F-11D3-BF4B-00C04F79EFBC}") = "TeamSync.API", "TeamSync.API\TeamSync.API.csproj", "{FF41B490-28C8-471F-A7B3-E2082440DED0}"
EndProject
Project("{FAE04EC0-301F-11D3-BF4B-00C04F79EFBC}") = "TeamSync.Application", "TeamSync.Application\TeamSync.Application.csproj", "{42E741F8-7CB3-4EC2-965C-10FD4E6B3A9D}"
EndProject
Project("{FAE04EC0-301F-11D3-BF4B-00C04F79EFBC}") = "TeamSync.Domain", "TeamSync.Domain\TeamSync.Domain.csproj", "{E2416EA8-EC4F-44EE-A549-DA1D6F805B00}"
EndProject
Project("{FAE04EC0-301F-11D3-BF4B-00C04F79EFBC}") = "TeamSync.Infrastructure", "TeamSync.Infrastructure\TeamSync.Infrastructure.csproj", "{CEDDF50D-2018-4592-8A91-9D7D692CA4CD}"
EndProject
Global
	GlobalSection(SolutionConfigurationPlatforms) = preSolution
		Debug|Any CPU = Debug|Any CPU
		Release|Any CPU = Release|Any CPU
	EndGlobalSection
	GlobalSection(ProjectConfigurationPlatforms) = postSolution
		{FF41B490-28C8-471F-A7B3-E2082440DED0}.Debug|Any CPU.ActiveCfg = Debug|Any CPU
		{FF41B490-28C8-471F-A7B3-E2082440DED0}.Debug|Any CPU.Build.0 = Debug|Any CPU
		{FF41B490-28C8-471F-A7B3-E2082440DED0}.Release|Any CPU.ActiveCfg = Release|Any CPU
		{FF41B490-28C8-471F-A7B3-E2082440DED0}.Release|Any CPU.Build.0 = Release|Any CPU
		{42E741F8-7CB3-4EC2-965C-10FD4E6B3A9D}.Debug|Any CPU.ActiveCfg = Debug|Any CPU
		{42E741F8-7CB3-4EC2-965C-10FD4E6B3A9D}.Debug|Any CPU.Build.0 = Debug|Any CPU
		{42E741F8-7CB3-4EC2-965C-10FD4E6B3A9D}.Release|Any CPU.ActiveCfg = Release|Any CPU
		{42E741F8-7CB3-4EC2-965C-10FD4E6B3A9D}.Release|Any CPU.Build.0 = Release|Any CPU
		{E2416EA8-EC4F-44EE-A549-DA1D6F805B00}.Debug|Any CPU.ActiveCfg = Debug|Any CPU
		{E2416EA8-EC4F-44EE-A549-DA1D6F805B00}.Debug|Any CPU.Build.0 = Debug|Any CPU
		{E2416EA8-EC4F-44EE-A549-DA1D6F805B00}.Release|Any CPU.ActiveCfg = Release|Any CPU
		{E2416EA8-EC4F-44EE-A549-DA1D6F805B00}.Release|Any CPU.Build.0 = Release|Any CPU
		{CEDDF50D-2018-4592-8A91-9D7D692CA4CD}.Debug|Any CPU.ActiveCfg = Debug|Any CPU
		{CEDDF50D-2018-4592-8A91-9D7D692CA4CD}.Debug|Any CPU.Build.0 = Debug|Any CPU
		{CEDDF50D-2018-4592-8A91-9D7D692CA4CD}.Release|Any CPU.ActiveCfg = Release|Any CPU
		{CEDDF50D-2018-4592-8A91-9D7D692CA4CD}.Release|Any CPU.Build.0 = Release|Any CPU
	EndGlobalSection
	GlobalSection(SolutionProperties) = preSolution
		HideSolutionNode = FALSE
	EndGlobalSection
	GlobalSection(ExtensibilityGlobals) = postSolution
		SolutionGuid = {CE8D0A68-8E10-4C2A-B66E-21CF49A23420}
	EndGlobalSection
EndGlobal
